
Microsoft Visual Studio Solution File, Format Version 11.00
# Visual Studio 2010
Project("{FAE04EC0-301F-11D3-BF4B-00C04F79EFBC}") = "Novak.StudentMaintenance.UI", "Novak.StudentMaintenance.UI\Novak.StudentMaintenance.UI.csproj", "{06BA317B-934F-4F26-A7A7-78132F977D87}"
EndProject
Project("{FAE04EC0-301F-11D3-BF4B-00C04F79EFBC}") = "Novak.StudentMaintenance.BL", "Novak.StudentMaintenance.BL\Novak.StudentMaintenance.BL.csproj", "{0136997B-BF31-4C5F-B91E-19C7B2A29C58}"
EndProject
Project("{FAE04EC0-301F-11D3-BF4B-00C04F79EFBC}") = "Novak.StudentMaintenance.Utilities.PL", "Novak.StudentMaintenance.Utilities.PL\Novak.StudentMaintenance.Utilities.PL.csproj", "{4E9DFA08-071F-41E8-8820-2BB8DC53920E}"
EndProject
Project("{FAE04EC0-301F-11D3-BF4B-00C04F79EFBC}") = "Novak.StudentMaintenance.WPFUI", "Novak.StudentMaintenance.WPFUI\Novak.StudentMaintenance.WPFUI.csproj", "{1F7F5CAE-7864-4063-A446-26AD7D844329}"
EndProject
Project("{FAE04EC0-301F-11D3-BF4B-00C04F79EFBC}") = "Novak.StudentMaintenance.CustomExceptions", "Novak.StudentMaintenance.CustomExceptions\Novak.StudentMaintenance.CustomExceptions.csproj", "{9B3BA037-1760-4A8B-B75F-DA1CF4E19FAA}"
EndProject
Project("{FAE04EC0-301F-11D3-BF4B-00C04F79EFBC}") = "Novak.StudentMaintenance.Interfaces", "Novak.StudentMaintenance.Interfaces\Novak.StudentMaintenance.Interfaces.csproj", "{96744AA7-2D36-4FA9-93E8-A399FDD5DED9}"
EndProject
Global
	GlobalSection(TeamFoundationVersionControl) = preSolution
		SccNumberOfProjects = 7
		SccEnterpriseProvider = {4CA58AB2-18FA-4F8D-95D4-32DDF27D184C}
		SccTeamFoundationServer = https://shawnnovak.tfspreview.com/defaultcollection
		SccLocalPath0 = .
		SccProjectUniqueName1 = Novak.StudentMaintenance.BL\\Novak.StudentMaintenance.BL.csproj
		SccProjectName1 = Novak.StudentMaintenance.BL
		SccLocalPath1 = Novak.StudentMaintenance.BL
		SccProjectUniqueName2 = Novak.StudentMaintenance.UI\\Novak.StudentMaintenance.UI.csproj
		SccProjectName2 = Novak.StudentMaintenance.UI
		SccLocalPath2 = Novak.StudentMaintenance.UI
		SccProjectUniqueName3 = Novak.StudentMaintenance.Utilities.PL\\Novak.StudentMaintenance.Utilities.PL.csproj
		SccProjectName3 = Novak.StudentMaintenance.Utilities.PL
		SccLocalPath3 = Novak.StudentMaintenance.Utilities.PL
		SccProjectUniqueName4 = Novak.StudentMaintenance.WPFUI\\Novak.StudentMaintenance.WPFUI.csproj
		SccProjectName4 = Novak.StudentMaintenance.WPFUI
		SccLocalPath4 = Novak.StudentMaintenance.WPFUI
		SccProjectUniqueName5 = Novak.StudentMaintenance.CustomExceptions\\Novak.StudentMaintenance.CustomExceptions.csproj
		SccProjectName5 = Novak.StudentMaintenance.CustomExceptions
		SccLocalPath5 = Novak.StudentMaintenance.CustomExceptions
		SccProjectUniqueName6 = Novak.StudentMaintenance.Interfaces\\Novak.StudentMaintenance.Interfaces.csproj
		SccProjectName6 = Novak.StudentMaintenance.Interfaces
		SccLocalPath6 = Novak.StudentMaintenance.Interfaces
	EndGlobalSection
	GlobalSection(SolutionConfigurationPlatforms) = preSolution
		Debug|Any CPU = Debug|Any CPU
		Debug|Mixed Platforms = Debug|Mixed Platforms
		Debug|x86 = Debug|x86
		Release|Any CPU = Release|Any CPU
		Release|Mixed Platforms = Release|Mixed Platforms
		Release|x86 = Release|x86
	EndGlobalSection
	GlobalSection(ProjectConfigurationPlatforms) = postSolution
		{06BA317B-934F-4F26-A7A7-78132F977D87}.Debug|Any CPU.ActiveCfg = Debug|x86
		{06BA317B-934F-4F26-A7A7-78132F977D87}.Debug|Mixed Platforms.ActiveCfg = Debug|x86
		{06BA317B-934F-4F26-A7A7-78132F977D87}.Debug|Mixed Platforms.Build.0 = Debug|x86
		{06BA317B-934F-4F26-A7A7-78132F977D87}.Debug|x86.ActiveCfg = Debug|x86
		{06BA317B-934F-4F26-A7A7-78132F977D87}.Debug|x86.Build.0 = Debug|x86
		{06BA317B-934F-4F26-A7A7-78132F977D87}.Release|Any CPU.ActiveCfg = Release|x86
		{06BA317B-934F-4F26-A7A7-78132F977D87}.Release|Mixed Platforms.ActiveCfg = Release|x86
		{06BA317B-934F-4F26-A7A7-78132F977D87}.Release|Mixed Platforms.Build.0 = Release|x86
		{06BA317B-934F-4F26-A7A7-78132F977D87}.Release|x86.ActiveCfg = Release|x86
		{06BA317B-934F-4F26-A7A7-78132F977D87}.Release|x86.Build.0 = Release|x86
		{0136997B-BF31-4C5F-B91E-19C7B2A29C58}.Debug|Any CPU.ActiveCfg = Debug|Any CPU
		{0136997B-BF31-4C5F-B91E-19C7B2A29C58}.Debug|Any CPU.Build.0 = Debug|Any CPU
		{0136997B-BF31-4C5F-B91E-19C7B2A29C58}.Debug|Mixed Platforms.ActiveCfg = Debug|Any CPU
		{0136997B-BF31-4C5F-B91E-19C7B2A29C58}.Debug|Mixed Platforms.Build.0 = Debug|Any CPU
		{0136997B-BF31-4C5F-B91E-19C7B2A29C58}.Debug|x86.ActiveCfg = Debug|Any CPU
		{0136997B-BF31-4C5F-B91E-19C7B2A29C58}.Release|Any CPU.ActiveCfg = Release|Any CPU
		{0136997B-BF31-4C5F-B91E-19C7B2A29C58}.Release|Any CPU.Build.0 = Release|Any CPU
		{0136997B-BF31-4C5F-B91E-19C7B2A29C58}.Release|Mixed Platforms.ActiveCfg = Release|Any CPU
		{0136997B-BF31-4C5F-B91E-19C7B2A29C58}.Release|Mixed Platforms.Build.0 = Release|Any CPU
		{0136997B-BF31-4C5F-B91E-19C7B2A29C58}.Release|x86.ActiveCfg = Release|Any CPU
		{4E9DFA08-071F-41E8-8820-2BB8DC53920E}.Debug|Any CPU.ActiveCfg = Debug|Any CPU
		{4E9DFA08-071F-41E8-8820-2BB8DC53920E}.Debug|Any CPU.Build.0 = Debug|Any CPU
		{4E9DFA08-071F-41E8-8820-2BB8DC53920E}.Debug|Mixed Platforms.ActiveCfg = Debug|Any CPU
		{4E9DFA08-071F-41E8-8820-2BB8DC53920E}.Debug|Mixed Platforms.Build.0 = Debug|Any CPU
		{4E9DFA08-071F-41E8-8820-2BB8DC53920E}.Debug|x86.ActiveCfg = Debug|Any CPU
		{4E9DFA08-071F-41E8-8820-2BB8DC53920E}.Release|Any CPU.ActiveCfg = Release|Any CPU
		{4E9DFA08-071F-41E8-8820-2BB8DC53920E}.Release|Any CPU.Build.0 = Release|Any CPU
		{4E9DFA08-071F-41E8-8820-2BB8DC53920E}.Release|Mixed Platforms.ActiveCfg = Release|Any CPU
		{4E9DFA08-071F-41E8-8820-2BB8DC53920E}.Release|Mixed Platforms.Build.0 = Release|Any CPU
		{4E9DFA08-071F-41E8-8820-2BB8DC53920E}.Release|x86.ActiveCfg = Release|Any CPU
		{1F7F5CAE-7864-4063-A446-26AD7D844329}.Debug|Any CPU.ActiveCfg = Debug|x86
		{1F7F5CAE-7864-4063-A446-26AD7D844329}.Debug|Mixed Platforms.ActiveCfg = Debug|x86
		{1F7F5CAE-7864-4063-A446-26AD7D844329}.Debug|Mixed Platforms.Build.0 = Debug|x86
		{1F7F5CAE-7864-4063-A446-26AD7D844329}.Debug|x86.ActiveCfg = Debug|x86
		{1F7F5CAE-7864-4063-A446-26AD7D844329}.Debug|x86.Build.0 = Debug|x86
		{1F7F5CAE-7864-4063-A446-26AD7D844329}.Release|Any CPU.ActiveCfg = Release|x86
		{1F7F5CAE-7864-4063-A446-26AD7D844329}.Release|Mixed Platforms.ActiveCfg = Release|x86
		{1F7F5CAE-7864-4063-A446-26AD7D844329}.Release|Mixed Platforms.Build.0 = Release|x86
		{1F7F5CAE-7864-4063-A446-26AD7D844329}.Release|x86.ActiveCfg = Release|x86
		{1F7F5CAE-7864-4063-A446-26AD7D844329}.Release|x86.Build.0 = Release|x86
		{9B3BA037-1760-4A8B-B75F-DA1CF4E19FAA}.Debug|Any CPU.ActiveCfg = Debug|Any CPU
		{9B3BA037-1760-4A8B-B75F-DA1CF4E19FAA}.Debug|Any CPU.Build.0 = Debug|Any CPU
		{9B3BA037-1760-4A8B-B75F-DA1CF4E19FAA}.Debug|Mixed Platforms.ActiveCfg = Debug|Any CPU
		{9B3BA037-1760-4A8B-B75F-DA1CF4E19FAA}.Debug|Mixed Platforms.Build.0 = Debug|Any CPU
		{9B3BA037-1760-4A8B-B75F-DA1CF4E19FAA}.Debug|x86.ActiveCfg = Debug|Any CPU
		{9B3BA037-1760-4A8B-B75F-DA1CF4E19FAA}.Release|Any CPU.ActiveCfg = Release|Any CPU
		{9B3BA037-1760-4A8B-B75F-DA1CF4E19FAA}.Release|Any CPU.Build.0 = Release|Any CPU
		{9B3BA037-1760-4A8B-B75F-DA1CF4E19FAA}.Release|Mixed Platforms.ActiveCfg = Release|Any CPU
		{9B3BA037-1760-4A8B-B75F-DA1CF4E19FAA}.Release|Mixed Platforms.Build.0 = Release|Any CPU
		{9B3BA037-1760-4A8B-B75F-DA1CF4E19FAA}.Release|x86.ActiveCfg = Release|Any CPU
		{96744AA7-2D36-4FA9-93E8-A399FDD5DED9}.Debug|Any CPU.ActiveCfg = Debug|Any CPU
		{96744AA7-2D36-4FA9-93E8-A399FDD5DED9}.Debug|Any CPU.Build.0 = Debug|Any CPU
		{96744AA7-2D36-4FA9-93E8-A399FDD5DED9}.Debug|Mixed Platforms.ActiveCfg = Debug|Any CPU
		{96744AA7-2D36-4FA9-93E8-A399FDD5DED9}.Debug|Mixed Platforms.Build.0 = Debug|Any CPU
		{96744AA7-2D36-4FA9-93E8-A399FDD5DED9}.Debug|x86.ActiveCfg = Debug|Any CPU
		{96744AA7-2D36-4FA9-93E8-A399FDD5DED9}.Release|Any CPU.ActiveCfg = Release|Any CPU
		{96744AA7-2D36-4FA9-93E8-A399FDD5DED9}.Release|Any CPU.Build.0 = Release|Any CPU
		{96744AA7-2D36-4FA9-93E8-A399FDD5DED9}.Release|Mixed Platforms.ActiveCfg = Release|Any CPU
		{96744AA7-2D36-4FA9-93E8-A399FDD5DED9}.Release|Mixed Platforms.Build.0 = Release|Any CPU
		{96744AA7-2D36-4FA9-93E8-A399FDD5DED9}.Release|x86.ActiveCfg = Release|Any CPU
	EndGlobalSection
	GlobalSection(SolutionProperties) = preSolution
		HideSolutionNode = FALSE
	EndGlobalSection
EndGlobal
